// !$*UTF8*$!
{
	archiveVersion = 1;
	classes = {
	};
	objectVersion = 50;
	objects = {

/* Begin PBXBuildFile section */
		4621546F24658B2900071E75 /* Hash: 3Sum (15) Medium.cpp in Sources */ = {isa = PBXBuildFile; fileRef = 4621546E24658B2900071E75 /* Hash: 3Sum (15) Medium.cpp */; };
/* End PBXBuildFile section */

/* Begin PBXCopyFilesBuildPhase section */
		465F1FC12447462A009C8CC8 /* CopyFiles */ = {
			isa = PBXCopyFilesBuildPhase;
			buildActionMask = 2147483647;
			dstPath = /usr/share/man/man1/;
			dstSubfolderSpec = 0;
			files = (
			);
			runOnlyForDeploymentPostprocessing = 1;
		};
/* End PBXCopyFilesBuildPhase section */

/* Begin PBXFileReference section */
		4621546E24658B2900071E75 /* Hash: 3Sum (15) Medium.cpp */ = {isa = PBXFileReference; lastKnownFileType = sourcecode.cpp.cpp; path = "Hash: 3Sum (15) Medium.cpp"; sourceTree = "<group>"; };
		465F1FC32447462A009C8CC8 /* leetcodePrac */ = {isa = PBXFileReference; explicitFileType = "compiled.mach-o.executable"; includeInIndex = 0; path = leetcodePrac; sourceTree = BUILT_PRODUCTS_DIR; };
		465F1FCD244746E7009C8CC8 /* DP53maxSubarray.cpp */ = {isa = PBXFileReference; lastKnownFileType = sourcecode.cpp.cpp; path = DP53maxSubarray.cpp; sourceTree = "<group>"; };
		465F1FFD244C86ED009C8CC8 /* rangeQueriesW19ques.cpp */ = {isa = PBXFileReference; lastKnownFileType = sourcecode.cpp.cpp; path = rangeQueriesW19ques.cpp; sourceTree = "<group>"; };
		465F1FFF245040FA009C8CC8 /* f19 minimizing layovers.cpp */ = {isa = PBXFileReference; lastKnownFileType = sourcecode.cpp.cpp; path = "f19 minimizing layovers.cpp"; sourceTree = "<group>"; };
		465F20012451A1D7009C8CC8 /* getMaxNuts Fall 2019.cpp */ = {isa = PBXFileReference; lastKnownFileType = sourcecode.cpp.cpp; path = "getMaxNuts Fall 2019.cpp"; sourceTree = "<group>"; };
		465F20042451BA15009C8CC8 /* Zero-Sum Game Winter 2019.cpp */ = {isa = PBXFileReference; lastKnownFileType = sourcecode.cpp.cpp; path = "Zero-Sum Game Winter 2019.cpp"; sourceTree = "<group>"; };
		465F20062451CAB0009C8CC8 /* DP 714 best time to buy and sell stocks.cpp */ = {isa = PBXFileReference; lastKnownFileType = sourcecode.cpp.cpp; path = "DP 714 best time to buy and sell stocks.cpp"; sourceTree = "<group>"; };
		465F200824530FC3009C8CC8 /* DP 1155 Number of Dice Rolls With Target Sum.cpp */ = {isa = PBXFileReference; lastKnownFileType = sourcecode.cpp.cpp; path = "DP 1155 Number of Dice Rolls With Target Sum.cpp"; sourceTree = "<group>"; };
		465F200A245466FD009C8CC8 /* Same Tree (100) Graph problem.cpp */ = {isa = PBXFileReference; lastKnownFileType = sourcecode.cpp.cpp; path = "Same Tree (100) Graph problem.cpp"; sourceTree = "<group>"; };
		465F200C24546BD8009C8CC8 /* max-depth of binary tree (104).cpp */ = {isa = PBXFileReference; lastKnownFileType = sourcecode.cpp.cpp; path = "max-depth of binary tree (104).cpp"; sourceTree = "<group>"; };
		465F200E2455EEC3009C8CC8 /* Consecutive Divisible Sum - 281 additional MCQ's.cpp */ = {isa = PBXFileReference; lastKnownFileType = sourcecode.cpp.cpp; path = "Consecutive Divisible Sum - 281 additional MCQ's.cpp"; sourceTree = "<group>"; };
		465F20192459ACDF009C8CC8 /* Hash: Contains Duplicate Easy 219.cpp */ = {isa = PBXFileReference; lastKnownFileType = sourcecode.cpp.cpp; path = "Hash: Contains Duplicate Easy 219.cpp"; sourceTree = "<group>"; };
		465F201B2459B1A4009C8CC8 /* Hash: word patterns Easy 290.cpp */ = {isa = PBXFileReference; lastKnownFileType = sourcecode.cpp.cpp; path = "Hash: word patterns Easy 290.cpp"; sourceTree = "<group>"; };
		465F201D245B057D009C8CC8 /* Hash: Repeated DNA Sequences 187 Medium.cpp */ = {isa = PBXFileReference; lastKnownFileType = sourcecode.cpp.cpp; path = "Hash: Repeated DNA Sequences 187 Medium.cpp"; sourceTree = "<group>"; };
		465F201F245B1A73009C8CC8 /* Graph: Course Schedule 207 Medium.cpp */ = {isa = PBXFileReference; lastKnownFileType = sourcecode.cpp.cpp; path = "Graph: Course Schedule 207 Medium.cpp"; sourceTree = "<group>"; };
/* End PBXFileReference section */

/* Begin PBXFrameworksBuildPhase section */
		465F1FC02447462A009C8CC8 /* Frameworks */ = {
			isa = PBXFrameworksBuildPhase;
			buildActionMask = 2147483647;
			files = (
			);
			runOnlyForDeploymentPostprocessing = 0;
		};
/* End PBXFrameworksBuildPhase section */

/* Begin PBXGroup section */
		465F1FBA2447462A009C8CC8 = {
			isa = PBXGroup;
			children = (
				4621546E24658B2900071E75 /* Hash: 3Sum (15) Medium.cpp */,
				465F201F245B1A73009C8CC8 /* Graph: Course Schedule 207 Medium.cpp */,
				465F201D245B057D009C8CC8 /* Hash: Repeated DNA Sequences 187 Medium.cpp */,
				465F201B2459B1A4009C8CC8 /* Hash: word patterns Easy 290.cpp */,
				465F20192459ACDF009C8CC8 /* Hash: Contains Duplicate Easy 219.cpp */,
				465F200E2455EEC3009C8CC8 /* Consecutive Divisible Sum - 281 additional MCQ's.cpp */,
				465F200C24546BD8009C8CC8 /* max-depth of binary tree (104).cpp */,
				465F200A245466FD009C8CC8 /* Same Tree (100) Graph problem.cpp */,
				465F200824530FC3009C8CC8 /* DP 1155 Number of Dice Rolls With Target Sum.cpp */,
				465F20062451CAB0009C8CC8 /* DP 714 best time to buy and sell stocks.cpp */,
				465F20042451BA15009C8CC8 /* Zero-Sum Game Winter 2019.cpp */,
				465F20012451A1D7009C8CC8 /* getMaxNuts Fall 2019.cpp */,
				465F1FFD244C86ED009C8CC8 /* rangeQueriesW19ques.cpp */,
				465F1FFF245040FA009C8CC8 /* f19 minimizing layovers.cpp */,
				465F1FCD244746E7009C8CC8 /* DP53maxSubarray.cpp */,
				465F1FC42447462A009C8CC8 /* Products */,
			);
			sourceTree = "<group>";
		};
		465F1FC42447462A009C8CC8 /* Products */ = {
			isa = PBXGroup;
			children = (
				465F1FC32447462A009C8CC8 /* leetcodePrac */,
			);
			name = Products;
			sourceTree = "<group>";
		};
/* End PBXGroup section */

/* Begin PBXNativeTarget section */
		465F1FC22447462A009C8CC8 /* leetcodePrac */ = {
			isa = PBXNativeTarget;
			buildConfigurationList = 465F1FCA2447462A009C8CC8 /* Build configuration list for PBXNativeTarget "leetcodePrac" */;
			buildPhases = (
				465F1FBF2447462A009C8CC8 /* Sources */,
				465F1FC02447462A009C8CC8 /* Frameworks */,
				465F1FC12447462A009C8CC8 /* CopyFiles */,
			);
			buildRules = (
			);
			dependencies = (
			);
			name = leetcodePrac;
			productName = leetcodePrac;
			productReference = 465F1FC32447462A009C8CC8 /* leetcodePrac */;
			productType = "com.apple.product-type.tool";
		};
/* End PBXNativeTarget section */

/* Begin PBXProject section */
		465F1FBB2447462A009C8CC8 /* Project object */ = {
			isa = PBXProject;
			attributes = {
				LastUpgradeCheck = 0940;
				ORGANIZATIONNAME = "Akshat Jindal";
				TargetAttributes = {
					465F1FC22447462A009C8CC8 = {
						CreatedOnToolsVersion = 9.4.1;
					};
				};
			};
			buildConfigurationList = 465F1FBE2447462A009C8CC8 /* Build configuration list for PBXProject "leetcodePrac" */;
			compatibilityVersion = "Xcode 9.3";
			developmentRegion = en;
			hasScannedForEncodings = 0;
			knownRegions = (
				en,
			);
			mainGroup = 465F1FBA2447462A009C8CC8;
			productRefGroup = 465F1FC42447462A009C8CC8 /* Products */;
			projectDirPath = "";
			projectRoot = "";
			targets = (
				465F1FC22447462A009C8CC8 /* leetcodePrac */,
			);
		};
/* End PBXProject section */

/* Begin PBXSourcesBuildPhase section */
		465F1FBF2447462A009C8CC8 /* Sources */ = {
			isa = PBXSourcesBuildPhase;
			buildActionMask = 2147483647;
			files = (
				4621546F24658B2900071E75 /* Hash: 3Sum (15) Medium.cpp in Sources */,
			);
			runOnlyForDeploymentPostprocessing = 0;
		};
/* End PBXSourcesBuildPhase section */

/* Begin XCBuildConfiguration section */
		465F1FC82447462A009C8CC8 /* Debug */ = {
			isa = XCBuildConfiguration;
			buildSettings = {
				ALWAYS_SEARCH_USER_PATHS = NO;
				CLANG_ANALYZER_NONNULL = YES;
				CLANG_ANALYZER_NUMBER_OBJECT_CONVERSION = YES_AGGRESSIVE;
				CLANG_CXX_LANGUAGE_STANDARD = "gnu++14";
				CLANG_CXX_LIBRARY = "libc++";
				CLANG_ENABLE_MODULES = YES;
				CLANG_ENABLE_OBJC_ARC = YES;
				CLANG_ENABLE_OBJC_WEAK = YES;
				CLANG_WARN_BLOCK_CAPTURE_AUTORELEASING = YES;
				CLANG_WARN_BOOL_CONVERSION = YES;
				CLANG_WARN_COMMA = YES;
				CLANG_WARN_CONSTANT_CONVERSION = YES;
				CLANG_WARN_DEPRECATED_OBJC_IMPLEMENTATIONS = YES;
				CLANG_WARN_DIRECT_OBJC_ISA_USAGE = YES_ERROR;
				CLANG_WARN_DOCUMENTATION_COMMENTS = YES;
				CLANG_WARN_EMPTY_BODY = YES;
				CLANG_WARN_ENUM_CONVERSION = YES;
				CLANG_WARN_INFINITE_RECURSION = YES;
				CLANG_WARN_INT_CONVERSION = YES;
				CLANG_WARN_NON_LITERAL_NULL_CONVERSION = YES;
				CLANG_WARN_OBJC_IMPLICIT_RETAIN_SELF = YES;
				CLANG_WARN_OBJC_LITERAL_CONVERSION = YES;
				CLANG_WARN_OBJC_ROOT_CLASS = YES_ERROR;
				CLANG_WARN_RANGE_LOOP_ANALYSIS = YES;
				CLANG_WARN_STRICT_PROTOTYPES = YES;
				CLANG_WARN_SUSPICIOUS_MOVE = YES;
				CLANG_WARN_UNGUARDED_AVAILABILITY = YES_AGGRESSIVE;
				CLANG_WARN_UNREACHABLE_CODE = YES;
				CLANG_WARN__DUPLICATE_METHOD_MATCH = YES;
				CODE_SIGN_IDENTITY = "-";
				COPY_PHASE_STRIP = NO;
				DEBUG_INFORMATION_FORMAT = dwarf;
				ENABLE_STRICT_OBJC_MSGSEND = YES;
				ENABLE_TESTABILITY = YES;
				GCC_C_LANGUAGE_STANDARD = gnu11;
				GCC_DYNAMIC_NO_PIC = NO;
				GCC_NO_COMMON_BLOCKS = YES;
				GCC_OPTIMIZATION_LEVEL = 0;
				GCC_PREPROCESSOR_DEFINITIONS = (
					"DEBUG=1",
					"$(inherited)",
				);
				GCC_WARN_64_TO_32_BIT_CONVERSION = YES;
				GCC_WARN_ABOUT_RETURN_TYPE = YES_ERROR;
				GCC_WARN_UNDECLARED_SELECTOR = YES;
				GCC_WARN_UNINITIALIZED_AUTOS = YES_AGGRESSIVE;
				GCC_WARN_UNUSED_FUNCTION = YES;
				GCC_WARN_UNUSED_VARIABLE = YES;
				MACOSX_DEPLOYMENT_TARGET = 10.13;
				MTL_ENABLE_DEBUG_INFO = YES;
				ONLY_ACTIVE_ARCH = YES;
				SDKROOT = macosx;
			};
			name = Debug;
		};
		465F1FC92447462A009C8CC8 /* Release */ = {
			isa = XCBuildConfiguration;
			buildSettings = {
				ALWAYS_SEARCH_USER_PATHS = NO;
				CLANG_ANALYZER_NONNULL = YES;
				CLANG_ANALYZER_NUMBER_OBJECT_CONVERSION = YES_AGGRESSIVE;
				CLANG_CXX_LANGUAGE_STANDARD = "gnu++14";
				CLANG_CXX_LIBRARY = "libc++";
				CLANG_ENABLE_MODULES = YES;
				CLANG_ENABLE_OBJC_ARC = YES;
				CLANG_ENABLE_OBJC_WEAK = YES;
				CLANG_WARN_BLOCK_CAPTURE_AUTORELEASING = YES;
				CLANG_WARN_BOOL_CONVERSION = YES;
				CLANG_WARN_COMMA = YES;
				CLANG_WARN_CONSTANT_CONVERSION = YES;
				CLANG_WARN_DEPRECATED_OBJC_IMPLEMENTATIONS = YES;
				CLANG_WARN_DIRECT_OBJC_ISA_USAGE = YES_ERROR;
				CLANG_WARN_DOCUMENTATION_COMMENTS = YES;
				CLANG_WARN_EMPTY_BODY = YES;
				CLANG_WARN_ENUM_CONVERSION = YES;
				CLANG_WARN_INFINITE_RECURSION = YES;
				CLANG_WARN_INT_CONVERSION = YES;
				CLANG_WARN_NON_LITERAL_NULL_CONVERSION = YES;
				CLANG_WARN_OBJC_IMPLICIT_RETAIN_SELF = YES;
				CLANG_WARN_OBJC_LITERAL_CONVERSION = YES;
				CLANG_WARN_OBJC_ROOT_CLASS = YES_ERROR;
				CLANG_WARN_RANGE_LOOP_ANALYSIS = YES;
				CLANG_WARN_STRICT_PROTOTYPES = YES;
				CLANG_WARN_SUSPICIOUS_MOVE = YES;
				CLANG_WARN_UNGUARDED_AVAILABILITY = YES_AGGRESSIVE;
				CLANG_WARN_UNREACHABLE_CODE = YES;
				CLANG_WARN__DUPLICATE_METHOD_MATCH = YES;
				CODE_SIGN_IDENTITY = "-";
				COPY_PHASE_STRIP = NO;
				DEBUG_INFORMATION_FORMAT = "dwarf-with-dsym";
				ENABLE_NS_ASSERTIONS = NO;
				ENABLE_STRICT_OBJC_MSGSEND = YES;
				GCC_C_LANGUAGE_STANDARD = gnu11;
				GCC_NO_COMMON_BLOCKS = YES;
				GCC_WARN_64_TO_32_BIT_CONVERSION = YES;
				GCC_WARN_ABOUT_RETURN_TYPE = YES_ERROR;
				GCC_WARN_UNDECLARED_SELECTOR = YES;
				GCC_WARN_UNINITIALIZED_AUTOS = YES_AGGRESSIVE;
				GCC_WARN_UNUSED_FUNCTION = YES;
				GCC_WARN_UNUSED_VARIABLE = YES;
				MACOSX_DEPLOYMENT_TARGET = 10.13;
				MTL_ENABLE_DEBUG_INFO = NO;
				SDKROOT = macosx;
			};
			name = Release;
		};
		465F1FCB2447462A009C8CC8 /* Debug */ = {
			isa = XCBuildConfiguration;
			buildSettings = {
				CODE_SIGN_STYLE = Automatic;
				PRODUCT_NAME = "$(TARGET_NAME)";
			};
			name = Debug;
		};
		465F1FCC2447462A009C8CC8 /* Release */ = {
			isa = XCBuildConfiguration;
			buildSettings = {
				CODE_SIGN_STYLE = Automatic;
				PRODUCT_NAME = "$(TARGET_NAME)";
			};
			name = Release;
		};
/* End XCBuildConfiguration section */

/* Begin XCConfigurationList section */
		465F1FBE2447462A009C8CC8 /* Build configuration list for PBXProject "leetcodePrac" */ = {
			isa = XCConfigurationList;
			buildConfigurations = (
				465F1FC82447462A009C8CC8 /* Debug */,
				465F1FC92447462A009C8CC8 /* Release */,
			);
			defaultConfigurationIsVisible = 0;
			defaultConfigurationName = Release;
		};
		465F1FCA2447462A009C8CC8 /* Build configuration list for PBXNativeTarget "leetcodePrac" */ = {
			isa = XCConfigurationList;
			buildConfigurations = (
				465F1FCB2447462A009C8CC8 /* Debug */,
				465F1FCC2447462A009C8CC8 /* Release */,
			);
			defaultConfigurationIsVisible = 0;
			defaultConfigurationName = Release;
		};
/* End XCConfigurationList section */
	};
	rootObject = 465F1FBB2447462A009C8CC8 /* Project object */;
}
